
Microsoft Visual Studio Solution File, Format Version 12.00
# Visual Studio Version 16
VisualStudioVersion = 16.0.29306.81
MinimumVisualStudioVersion = 10.0.40219.1
Project("{9A19103F-16F7-4668-BE54-9A1E7A4F7556}") = "ToDoListApp", "ToDoListApp\ToDoListApp.csproj", "{97D21019-1916-4BDC-BB02-C7B4F017DC0E}"
EndProject
Project("{FAE04EC0-301F-11D3-BF4B-00C04F79EFBC}") = "ToDoListNUnitTest", "ToDoListNUnitTest\ToDoListNUnitTest.csproj", "{AE1FDCA0-756F-44D1-8DAB-294F4D56CB93}"
EndProject
Global
	GlobalSection(SolutionConfigurationPlatforms) = preSolution
		Debug|Any CPU = Debug|Any CPU
		Release|Any CPU = Release|Any CPU
	EndGlobalSection
	GlobalSection(ProjectConfigurationPlatforms) = postSolution
		{97D21019-1916-4BDC-BB02-C7B4F017DC0E}.Debug|Any CPU.ActiveCfg = Debug|Any CPU
		{97D21019-1916-4BDC-BB02-C7B4F017DC0E}.Debug|Any CPU.Build.0 = Debug|Any CPU
		{97D21019-1916-4BDC-BB02-C7B4F017DC0E}.Release|Any CPU.ActiveCfg = Release|Any CPU
		{97D21019-1916-4BDC-BB02-C7B4F017DC0E}.Release|Any CPU.Build.0 = Release|Any CPU
		{AE1FDCA0-756F-44D1-8DAB-294F4D56CB93}.Debug|Any CPU.ActiveCfg = Debug|Any CPU
		{AE1FDCA0-756F-44D1-8DAB-294F4D56CB93}.Debug|Any CPU.Build.0 = Debug|Any CPU
		{AE1FDCA0-756F-44D1-8DAB-294F4D56CB93}.Release|Any CPU.ActiveCfg = Release|Any CPU
		{AE1FDCA0-756F-44D1-8DAB-294F4D56CB93}.Release|Any CPU.Build.0 = Release|Any CPU
	EndGlobalSection
	GlobalSection(SolutionProperties) = preSolution
		HideSolutionNode = FALSE
	EndGlobalSection
	GlobalSection(ExtensibilityGlobals) = postSolution
		SolutionGuid = {12D2162E-7CA6-4591-8A33-E0923EBF0B3E}
	EndGlobalSection
EndGlobal
